// !$*UTF8*$!
{
	archiveVersion = 1;
	classes = {
	};
	objectVersion = 50;
	objects = {

/* Begin PBXBuildFile section */
		F556B29126E9E1DA00F30290 /* FavoriteButton.swift in Sources */ = {isa = PBXBuildFile; fileRef = F556B29026E9E1DA00F30290 /* FavoriteButton.swift */; };
		F5B81F9426E74AA900FFACCC /* SwiftUITutoInAppleApp.swift in Sources */ = {isa = PBXBuildFile; fileRef = F5B81F9326E74AA900FFACCC /* SwiftUITutoInAppleApp.swift */; };
		F5B81F9626E74AA900FFACCC /* ContentView.swift in Sources */ = {isa = PBXBuildFile; fileRef = F5B81F9526E74AA900FFACCC /* ContentView.swift */; };
		F5B81F9826E74AAA00FFACCC /* Assets.xcassets in Resources */ = {isa = PBXBuildFile; fileRef = F5B81F9726E74AAA00FFACCC /* Assets.xcassets */; };
		F5B81F9B26E74AAA00FFACCC /* Preview Assets.xcassets in Resources */ = {isa = PBXBuildFile; fileRef = F5B81F9A26E74AAA00FFACCC /* Preview Assets.xcassets */; };
		F5B81FA426E7587F00FFACCC /* CircleImage.swift in Sources */ = {isa = PBXBuildFile; fileRef = F5B81FA326E7587F00FFACCC /* CircleImage.swift */; };
		F5B81FA726E758DD00FFACCC /* MapView.swift in Sources */ = {isa = PBXBuildFile; fileRef = F5B81FA626E758DD00FFACCC /* MapView.swift */; };
		F5B81FB926E75A8500FFACCC /* LICENSE.txt in Resources */ = {isa = PBXBuildFile; fileRef = F5B81FAB26E75A8500FFACCC /* LICENSE.txt */; };
		F5B81FBA26E75A8500FFACCC /* umbagog@2x.jpg in Resources */ = {isa = PBXBuildFile; fileRef = F5B81FAD26E75A8500FFACCC /* umbagog@2x.jpg */; };
		F5B81FBB26E75A8500FFACCC /* twinlake@2x.jpg in Resources */ = {isa = PBXBuildFile; fileRef = F5B81FAE26E75A8500FFACCC /* twinlake@2x.jpg */; };
		F5B81FBC26E75A8500FFACCC /* chincoteague@2x.jpg in Resources */ = {isa = PBXBuildFile; fileRef = F5B81FAF26E75A8500FFACCC /* chincoteague@2x.jpg */; };
		F5B81FBD26E75A8500FFACCC /* lakemcdonald@2x.jpg in Resources */ = {isa = PBXBuildFile; fileRef = F5B81FB026E75A8500FFACCC /* lakemcdonald@2x.jpg */; };
		F5B81FBE26E75A8500FFACCC /* silversalmoncreek@2x.jpg in Resources */ = {isa = PBXBuildFile; fileRef = F5B81FB126E75A8500FFACCC /* silversalmoncreek@2x.jpg */; };
		F5B81FBF26E75A8500FFACCC /* icybay@2x.jpg in Resources */ = {isa = PBXBuildFile; fileRef = F5B81FB226E75A8500FFACCC /* icybay@2x.jpg */; };
		F5B81FC026E75A8500FFACCC /* hiddenlake@2x.jpg in Resources */ = {isa = PBXBuildFile; fileRef = F5B81FB326E75A8500FFACCC /* hiddenlake@2x.jpg */; };
		F5B81FC126E75A8500FFACCC /* chilkoottrail@2x.jpg in Resources */ = {isa = PBXBuildFile; fileRef = F5B81FB426E75A8500FFACCC /* chilkoottrail@2x.jpg */; };
		F5B81FC226E75A8500FFACCC /* stmarylake@2x.jpg in Resources */ = {isa = PBXBuildFile; fileRef = F5B81FB526E75A8500FFACCC /* stmarylake@2x.jpg */; };
		F5B81FC326E75A8500FFACCC /* charleyrivers@2x.jpg in Resources */ = {isa = PBXBuildFile; fileRef = F5B81FB626E75A8500FFACCC /* charleyrivers@2x.jpg */; };
		F5B81FC426E75A8500FFACCC /* rainbowlake@2x.jpg in Resources */ = {isa = PBXBuildFile; fileRef = F5B81FB726E75A8500FFACCC /* rainbowlake@2x.jpg */; };
		F5B81FC526E75A8500FFACCC /* landmarkData.json in Resources */ = {isa = PBXBuildFile; fileRef = F5B81FB826E75A8500FFACCC /* landmarkData.json */; };
		F5B81FC926E75AEA00FFACCC /* Landmark.swift in Sources */ = {isa = PBXBuildFile; fileRef = F5B81FC826E75AEA00FFACCC /* Landmark.swift */; };
		F5B81FD226E75C6E00FFACCC /* ModelData.swift in Sources */ = {isa = PBXBuildFile; fileRef = F5B81FD126E75C6E00FFACCC /* ModelData.swift */; };
		F5B81FD726E75D5500FFACCC /* LandmarkRow.swift in Sources */ = {isa = PBXBuildFile; fileRef = F5B81FD626E75D5500FFACCC /* LandmarkRow.swift */; };
		F5B81FDA26E75E0800FFACCC /* LandmarkList.swift in Sources */ = {isa = PBXBuildFile; fileRef = F5B81FD926E75E0800FFACCC /* LandmarkList.swift */; };
		F5B81FDD26E75E8100FFACCC /* LandmarkDetail.swift in Sources */ = {isa = PBXBuildFile; fileRef = F5B81FDC26E75E8100FFACCC /* LandmarkDetail.swift */; };
/* End PBXBuildFile section */

/* Begin PBXFileReference section */
		F556B29026E9E1DA00F30290 /* FavoriteButton.swift */ = {isa = PBXFileReference; lastKnownFileType = sourcecode.swift; path = FavoriteButton.swift; sourceTree = "<group>"; };
		F5B81F9026E74AA900FFACCC /* SwiftUITutoInApple.app */ = {isa = PBXFileReference; explicitFileType = wrapper.application; includeInIndex = 0; path = SwiftUITutoInApple.app; sourceTree = BUILT_PRODUCTS_DIR; };
		F5B81F9326E74AA900FFACCC /* SwiftUITutoInAppleApp.swift */ = {isa = PBXFileReference; lastKnownFileType = sourcecode.swift; path = SwiftUITutoInAppleApp.swift; sourceTree = "<group>"; };
		F5B81F9526E74AA900FFACCC /* ContentView.swift */ = {isa = PBXFileReference; lastKnownFileType = sourcecode.swift; path = ContentView.swift; sourceTree = "<group>"; };
		F5B81F9726E74AAA00FFACCC /* Assets.xcassets */ = {isa = PBXFileReference; lastKnownFileType = folder.assetcatalog; path = Assets.xcassets; sourceTree = "<group>"; };
		F5B81F9A26E74AAA00FFACCC /* Preview Assets.xcassets */ = {isa = PBXFileReference; lastKnownFileType = folder.assetcatalog; path = "Preview Assets.xcassets"; sourceTree = "<group>"; };
		F5B81F9C26E74AAA00FFACCC /* Info.plist */ = {isa = PBXFileReference; lastKnownFileType = text.plist.xml; path = Info.plist; sourceTree = "<group>"; };
		F5B81FA326E7587F00FFACCC /* CircleImage.swift */ = {isa = PBXFileReference; lastKnownFileType = sourcecode.swift; path = CircleImage.swift; sourceTree = "<group>"; };
		F5B81FA626E758DD00FFACCC /* MapView.swift */ = {isa = PBXFileReference; lastKnownFileType = sourcecode.swift; path = MapView.swift; sourceTree = "<group>"; };
		F5B81FAB26E75A8500FFACCC /* LICENSE.txt */ = {isa = PBXFileReference; fileEncoding = 4; lastKnownFileType = text; path = LICENSE.txt; sourceTree = "<group>"; };
		F5B81FAD26E75A8500FFACCC /* umbagog@2x.jpg */ = {isa = PBXFileReference; lastKnownFileType = image.jpeg; path = "umbagog@2x.jpg"; sourceTree = "<group>"; };
		F5B81FAE26E75A8500FFACCC /* twinlake@2x.jpg */ = {isa = PBXFileReference; lastKnownFileType = image.jpeg; path = "twinlake@2x.jpg"; sourceTree = "<group>"; };
		F5B81FAF26E75A8500FFACCC /* chincoteague@2x.jpg */ = {isa = PBXFileReference; lastKnownFileType = image.jpeg; path = "chincoteague@2x.jpg"; sourceTree = "<group>"; };
		F5B81FB026E75A8500FFACCC /* lakemcdonald@2x.jpg */ = {isa = PBXFileReference; lastKnownFileType = image.jpeg; path = "lakemcdonald@2x.jpg"; sourceTree = "<group>"; };
		F5B81FB126E75A8500FFACCC /* silversalmoncreek@2x.jpg */ = {isa = PBXFileReference; lastKnownFileType = image.jpeg; path = "silversalmoncreek@2x.jpg"; sourceTree = "<group>"; };
		F5B81FB226E75A8500FFACCC /* icybay@2x.jpg */ = {isa = PBXFileReference; lastKnownFileType = image.jpeg; path = "icybay@2x.jpg"; sourceTree = "<group>"; };
		F5B81FB326E75A8500FFACCC /* hiddenlake@2x.jpg */ = {isa = PBXFileReference; lastKnownFileType = image.jpeg; path = "hiddenlake@2x.jpg"; sourceTree = "<group>"; };
		F5B81FB426E75A8500FFACCC /* chilkoottrail@2x.jpg */ = {isa = PBXFileReference; lastKnownFileType = image.jpeg; path = "chilkoottrail@2x.jpg"; sourceTree = "<group>"; };
		F5B81FB526E75A8500FFACCC /* stmarylake@2x.jpg */ = {isa = PBXFileReference; lastKnownFileType = image.jpeg; path = "stmarylake@2x.jpg"; sourceTree = "<group>"; };
		F5B81FB626E75A8500FFACCC /* charleyrivers@2x.jpg */ = {isa = PBXFileReference; lastKnownFileType = image.jpeg; path = "charleyrivers@2x.jpg"; sourceTree = "<group>"; };
		F5B81FB726E75A8500FFACCC /* rainbowlake@2x.jpg */ = {isa = PBXFileReference; lastKnownFileType = image.jpeg; path = "rainbowlake@2x.jpg"; sourceTree = "<group>"; };
		F5B81FB826E75A8500FFACCC /* landmarkData.json */ = {isa = PBXFileReference; fileEncoding = 4; lastKnownFileType = text.json; path = landmarkData.json; sourceTree = "<group>"; };
		F5B81FC826E75AEA00FFACCC /* Landmark.swift */ = {isa = PBXFileReference; lastKnownFileType = sourcecode.swift; path = Landmark.swift; sourceTree = "<group>"; };
		F5B81FD126E75C6E00FFACCC /* ModelData.swift */ = {isa = PBXFileReference; lastKnownFileType = sourcecode.swift; path = ModelData.swift; sourceTree = "<group>"; };
		F5B81FD626E75D5500FFACCC /* LandmarkRow.swift */ = {isa = PBXFileReference; lastKnownFileType = sourcecode.swift; path = LandmarkRow.swift; sourceTree = "<group>"; };
		F5B81FD926E75E0800FFACCC /* LandmarkList.swift */ = {isa = PBXFileReference; lastKnownFileType = sourcecode.swift; path = LandmarkList.swift; sourceTree = "<group>"; };
		F5B81FDC26E75E8100FFACCC /* LandmarkDetail.swift */ = {isa = PBXFileReference; lastKnownFileType = sourcecode.swift; path = LandmarkDetail.swift; sourceTree = "<group>"; };
/* End PBXFileReference section */

/* Begin PBXFrameworksBuildPhase section */
		F5B81F8D26E74AA900FFACCC /* Frameworks */ = {
			isa = PBXFrameworksBuildPhase;
			buildActionMask = 2147483647;
			files = (
			);
			runOnlyForDeploymentPostprocessing = 0;
		};
/* End PBXFrameworksBuildPhase section */

/* Begin PBXGroup section */
		F556B29326E9E27200F30290 /* Helper */ = {
			isa = PBXGroup;
			children = (
				F5B81FA326E7587F00FFACCC /* CircleImage.swift */,
				F5B81FA626E758DD00FFACCC /* MapView.swift */,
				F556B29026E9E1DA00F30290 /* FavoriteButton.swift */,
			);
			path = Helper;
			sourceTree = "<group>";
		};
		F556B29426E9E29400F30290 /* Landmarks */ = {
			isa = PBXGroup;
			children = (
				F5B81FD626E75D5500FFACCC /* LandmarkRow.swift */,
				F5B81FD926E75E0800FFACCC /* LandmarkList.swift */,
				F5B81FDC26E75E8100FFACCC /* LandmarkDetail.swift */,
			);
			path = Landmarks;
			sourceTree = "<group>";
		};
		F5B81F8726E74AA900FFACCC = {
			isa = PBXGroup;
			children = (
				F5B81F9226E74AA900FFACCC /* SwiftUITutoInApple */,
				F5B81F9126E74AA900FFACCC /* Products */,
			);
			sourceTree = "<group>";
		};
		F5B81F9126E74AA900FFACCC /* Products */ = {
			isa = PBXGroup;
			children = (
				F5B81F9026E74AA900FFACCC /* SwiftUITutoInApple.app */,
			);
			name = Products;
			sourceTree = "<group>";
		};
		F5B81F9226E74AA900FFACCC /* SwiftUITutoInApple */ = {
			isa = PBXGroup;
			children = (
				F5B81F9326E74AA900FFACCC /* SwiftUITutoInAppleApp.swift */,
				F5B81FC726E75AC800FFACCC /* Views */,
				F5B81FCE26E75B8400FFACCC /* Model */,
				F5B81FA926E75A8500FFACCC /* Resources */,
				F5B81F9926E74AAA00FFACCC /* Preview Content */,
			);
			path = SwiftUITutoInApple;
			sourceTree = "<group>";
		};
		F5B81F9926E74AAA00FFACCC /* Preview Content */ = {
			isa = PBXGroup;
			children = (
				F5B81F9A26E74AAA00FFACCC /* Preview Assets.xcassets */,
			);
			path = "Preview Content";
			sourceTree = "<group>";
		};
		F5B81FA926E75A8500FFACCC /* Resources */ = {
			isa = PBXGroup;
			children = (
				F5B81F9726E74AAA00FFACCC /* Assets.xcassets */,
				F5B81F9C26E74AAA00FFACCC /* Info.plist */,
				F5B81FAA26E75A8500FFACCC /* LICENSE */,
				F5B81FAC26E75A8500FFACCC /* Images */,
				F5B81FB826E75A8500FFACCC /* landmarkData.json */,
			);
			path = Resources;
			sourceTree = "<group>";
		};
		F5B81FAA26E75A8500FFACCC /* LICENSE */ = {
			isa = PBXGroup;
			children = (
				F5B81FAB26E75A8500FFACCC /* LICENSE.txt */,
			);
			path = LICENSE;
			sourceTree = "<group>";
		};
		F5B81FAC26E75A8500FFACCC /* Images */ = {
			isa = PBXGroup;
			children = (
				F5B81FAD26E75A8500FFACCC /* umbagog@2x.jpg */,
				F5B81FAE26E75A8500FFACCC /* twinlake@2x.jpg */,
				F5B81FAF26E75A8500FFACCC /* chincoteague@2x.jpg */,
				F5B81FB026E75A8500FFACCC /* lakemcdonald@2x.jpg */,
				F5B81FB126E75A8500FFACCC /* silversalmoncreek@2x.jpg */,
				F5B81FB226E75A8500FFACCC /* icybay@2x.jpg */,
				F5B81FB326E75A8500FFACCC /* hiddenlake@2x.jpg */,
				F5B81FB426E75A8500FFACCC /* chilkoottrail@2x.jpg */,
				F5B81FB526E75A8500FFACCC /* stmarylake@2x.jpg */,
				F5B81FB626E75A8500FFACCC /* charleyrivers@2x.jpg */,
				F5B81FB726E75A8500FFACCC /* rainbowlake@2x.jpg */,
			);
			path = Images;
			sourceTree = "<group>";
		};
		F5B81FC726E75AC800FFACCC /* Views */ = {
			isa = PBXGroup;
			children = (
				F5B81F9526E74AA900FFACCC /* ContentView.swift */,
				F556B29426E9E29400F30290 /* Landmarks */,
				F556B29326E9E27200F30290 /* Helper */,
			);
			path = Views;
			sourceTree = "<group>";
		};
		F5B81FCE26E75B8400FFACCC /* Model */ = {
			isa = PBXGroup;
			children = (
				F5B81FC826E75AEA00FFACCC /* Landmark.swift */,
				F5B81FD126E75C6E00FFACCC /* ModelData.swift */,
			);
			path = Model;
			sourceTree = "<group>";
		};
/* End PBXGroup section */

/* Begin PBXNativeTarget section */
		F5B81F8F26E74AA900FFACCC /* SwiftUITutoInApple */ = {
			isa = PBXNativeTarget;
			buildConfigurationList = F5B81F9F26E74AAA00FFACCC /* Build configuration list for PBXNativeTarget "SwiftUITutoInApple" */;
			buildPhases = (
				F5B81F8C26E74AA900FFACCC /* Sources */,
				F5B81F8D26E74AA900FFACCC /* Frameworks */,
				F5B81F8E26E74AA900FFACCC /* Resources */,
			);
			buildRules = (
			);
			dependencies = (
			);
			name = SwiftUITutoInApple;
			productName = SwiftUITutoInApple;
			productReference = F5B81F9026E74AA900FFACCC /* SwiftUITutoInApple.app */;
			productType = "com.apple.product-type.application";
		};
/* End PBXNativeTarget section */

/* Begin PBXProject section */
		F5B81F8826E74AA900FFACCC /* Project object */ = {
			isa = PBXProject;
			attributes = {
				LastSwiftUpdateCheck = 1240;
				LastUpgradeCheck = 1240;
				TargetAttributes = {
					F5B81F8F26E74AA900FFACCC = {
						CreatedOnToolsVersion = 12.4;
					};
				};
			};
			buildConfigurationList = F5B81F8B26E74AA900FFACCC /* Build configuration list for PBXProject "SwiftUITutoInApple" */;
			compatibilityVersion = "Xcode 9.3";
			developmentRegion = en;
			hasScannedForEncodings = 0;
			knownRegions = (
				en,
				Base,
			);
			mainGroup = F5B81F8726E74AA900FFACCC;
			productRefGroup = F5B81F9126E74AA900FFACCC /* Products */;
			projectDirPath = "";
			projectRoot = "";
			targets = (
				F5B81F8F26E74AA900FFACCC /* SwiftUITutoInApple */,
			);
		};
/* End PBXProject section */

/* Begin PBXResourcesBuildPhase section */
		F5B81F8E26E74AA900FFACCC /* Resources */ = {
			isa = PBXResourcesBuildPhase;
			buildActionMask = 2147483647;
			files = (
				F5B81FC326E75A8500FFACCC /* charleyrivers@2x.jpg in Resources */,
				F5B81FB926E75A8500FFACCC /* LICENSE.txt in Resources */,
				F5B81FC026E75A8500FFACCC /* hiddenlake@2x.jpg in Resources */,
				F5B81FBA26E75A8500FFACCC /* umbagog@2x.jpg in Resources */,
				F5B81FC426E75A8500FFACCC /* rainbowlake@2x.jpg in Resources */,
				F5B81FBF26E75A8500FFACCC /* icybay@2x.jpg in Resources */,
				F5B81FBE26E75A8500FFACCC /* silversalmoncreek@2x.jpg in Resources */,
				F5B81F9B26E74AAA00FFACCC /* Preview Assets.xcassets in Resources */,
				F5B81FC526E75A8500FFACCC /* landmarkData.json in Resources */,
				F5B81FBB26E75A8500FFACCC /* twinlake@2x.jpg in Resources */,
				F5B81FC226E75A8500FFACCC /* stmarylake@2x.jpg in Resources */,
				F5B81FBD26E75A8500FFACCC /* lakemcdonald@2x.jpg in Resources */,
				F5B81FC126E75A8500FFACCC /* chilkoottrail@2x.jpg in Resources */,
				F5B81F9826E74AAA00FFACCC /* Assets.xcassets in Resources */,
				F5B81FBC26E75A8500FFACCC /* chincoteague@2x.jpg in Resources */,
			);
			runOnlyForDeploymentPostprocessing = 0;
		};
/* End PBXResourcesBuildPhase section */

/* Begin PBXSourcesBuildPhase section */
		F5B81F8C26E74AA900FFACCC /* Sources */ = {
			isa = PBXSourcesBuildPhase;
			buildActionMask = 2147483647;
			files = (
				F5B81F9626E74AA900FFACCC /* ContentView.swift in Sources */,
				F5B81FA726E758DD00FFACCC /* MapView.swift in Sources */,
				F5B81F9426E74AA900FFACCC /* SwiftUITutoInAppleApp.swift in Sources */,
				F556B29126E9E1DA00F30290 /* FavoriteButton.swift in Sources */,
				F5B81FDA26E75E0800FFACCC /* LandmarkList.swift in Sources */,
				F5B81FDD26E75E8100FFACCC /* LandmarkDetail.swift in Sources */,
				F5B81FA426E7587F00FFACCC /* CircleImage.swift in Sources */,
				F5B81FC926E75AEA00FFACCC /* Landmark.swift in Sources */,
				F5B81FD726E75D5500FFACCC /* LandmarkRow.swift in Sources */,
				F5B81FD226E75C6E00FFACCC /* ModelData.swift in Sources */,
			);
			runOnlyForDeploymentPostprocessing = 0;
		};
/* End PBXSourcesBuildPhase section */

/* Begin XCBuildConfiguration section */
		F5B81F9D26E74AAA00FFACCC /* Debug */ = {
			isa = XCBuildConfiguration;
			buildSettings = {
				ALWAYS_SEARCH_USER_PATHS = NO;
				CLANG_ANALYZER_NONNULL = YES;
				CLANG_ANALYZER_NUMBER_OBJECT_CONVERSION = YES_AGGRESSIVE;
				CLANG_CXX_LANGUAGE_STANDARD = "gnu++14";
				CLANG_CXX_LIBRARY = "libc++";
				CLANG_ENABLE_MODULES = YES;
				CLANG_ENABLE_OBJC_ARC = YES;
				CLANG_ENABLE_OBJC_WEAK = YES;
				CLANG_WARN_BLOCK_CAPTURE_AUTORELEASING = YES;
				CLANG_WARN_BOOL_CONVERSION = YES;
				CLANG_WARN_COMMA = YES;
				CLANG_WARN_CONSTANT_CONVERSION = YES;
				CLANG_WARN_DEPRECATED_OBJC_IMPLEMENTATIONS = YES;
				CLANG_WARN_DIRECT_OBJC_ISA_USAGE = YES_ERROR;
				CLANG_WARN_DOCUMENTATION_COMMENTS = YES;
				CLANG_WARN_EMPTY_BODY = YES;
				CLANG_WARN_ENUM_CONVERSION = YES;
				CLANG_WARN_INFINITE_RECURSION = YES;
				CLANG_WARN_INT_CONVERSION = YES;
				CLANG_WARN_NON_LITERAL_NULL_CONVERSION = YES;
				CLANG_WARN_OBJC_IMPLICIT_RETAIN_SELF = YES;
				CLANG_WARN_OBJC_LITERAL_CONVERSION = YES;
				CLANG_WARN_OBJC_ROOT_CLASS = YES_ERROR;
				CLANG_WARN_QUOTED_INCLUDE_IN_FRAMEWORK_HEADER = YES;
				CLANG_WARN_RANGE_LOOP_ANALYSIS = YES;
				CLANG_WARN_STRICT_PROTOTYPES = YES;
				CLANG_WARN_SUSPICIOUS_MOVE = YES;
				CLANG_WARN_UNGUARDED_AVAILABILITY = YES_AGGRESSIVE;
				CLANG_WARN_UNREACHABLE_CODE = YES;
				CLANG_WARN__DUPLICATE_METHOD_MATCH = YES;
				COPY_PHASE_STRIP = NO;
				DEBUG_INFORMATION_FORMAT = dwarf;
				ENABLE_STRICT_OBJC_MSGSEND = YES;
				ENABLE_TESTABILITY = YES;
				GCC_C_LANGUAGE_STANDARD = gnu11;
				GCC_DYNAMIC_NO_PIC = NO;
				GCC_NO_COMMON_BLOCKS = YES;
				GCC_OPTIMIZATION_LEVEL = 0;
				GCC_PREPROCESSOR_DEFINITIONS = (
					"DEBUG=1",
					"$(inherited)",
				);
				GCC_WARN_64_TO_32_BIT_CONVERSION = YES;
				GCC_WARN_ABOUT_RETURN_TYPE = YES_ERROR;
				GCC_WARN_UNDECLARED_SELECTOR = YES;
				GCC_WARN_UNINITIALIZED_AUTOS = YES_AGGRESSIVE;
				GCC_WARN_UNUSED_FUNCTION = YES;
				GCC_WARN_UNUSED_VARIABLE = YES;
				IPHONEOS_DEPLOYMENT_TARGET = 14.4;
				MTL_ENABLE_DEBUG_INFO = INCLUDE_SOURCE;
				MTL_FAST_MATH = YES;
				ONLY_ACTIVE_ARCH = YES;
				SDKROOT = iphoneos;
				SWIFT_ACTIVE_COMPILATION_CONDITIONS = DEBUG;
				SWIFT_OPTIMIZATION_LEVEL = "-Onone";
			};
			name = Debug;
		};
		F5B81F9E26E74AAA00FFACCC /* Release */ = {
			isa = XCBuildConfiguration;
			buildSettings = {
				ALWAYS_SEARCH_USER_PATHS = NO;
				CLANG_ANALYZER_NONNULL = YES;
				CLANG_ANALYZER_NUMBER_OBJECT_CONVERSION = YES_AGGRESSIVE;
				CLANG_CXX_LANGUAGE_STANDARD = "gnu++14";
				CLANG_CXX_LIBRARY = "libc++";
				CLANG_ENABLE_MODULES = YES;
				CLANG_ENABLE_OBJC_ARC = YES;
				CLANG_ENABLE_OBJC_WEAK = YES;
				CLANG_WARN_BLOCK_CAPTURE_AUTORELEASING = YES;
				CLANG_WARN_BOOL_CONVERSION = YES;
				CLANG_WARN_COMMA = YES;
				CLANG_WARN_CONSTANT_CONVERSION = YES;
				CLANG_WARN_DEPRECATED_OBJC_IMPLEMENTATIONS = YES;
				CLANG_WARN_DIRECT_OBJC_ISA_USAGE = YES_ERROR;
				CLANG_WARN_DOCUMENTATION_COMMENTS = YES;
				CLANG_WARN_EMPTY_BODY = YES;
				CLANG_WARN_ENUM_CONVERSION = YES;
				CLANG_WARN_INFINITE_RECURSION = YES;
				CLANG_WARN_INT_CONVERSION = YES;
				CLANG_WARN_NON_LITERAL_NULL_CONVERSION = YES;
				CLANG_WARN_OBJC_IMPLICIT_RETAIN_SELF = YES;
				CLANG_WARN_OBJC_LITERAL_CONVERSION = YES;
				CLANG_WARN_OBJC_ROOT_CLASS = YES_ERROR;
				CLANG_WARN_QUOTED_INCLUDE_IN_FRAMEWORK_HEADER = YES;
				CLANG_WARN_RANGE_LOOP_ANALYSIS = YES;
				CLANG_WARN_STRICT_PROTOTYPES = YES;
				CLANG_WARN_SUSPICIOUS_MOVE = YES;
				CLANG_WARN_UNGUARDED_AVAILABILITY = YES_AGGRESSIVE;
				CLANG_WARN_UNREACHABLE_CODE = YES;
				CLANG_WARN__DUPLICATE_METHOD_MATCH = YES;
				COPY_PHASE_STRIP = NO;
				DEBUG_INFORMATION_FORMAT = "dwarf-with-dsym";
				ENABLE_NS_ASSERTIONS = NO;
				ENABLE_STRICT_OBJC_MSGSEND = YES;
				GCC_C_LANGUAGE_STANDARD = gnu11;
				GCC_NO_COMMON_BLOCKS = YES;
				GCC_WARN_64_TO_32_BIT_CONVERSION = YES;
				GCC_WARN_ABOUT_RETURN_TYPE = YES_ERROR;
				GCC_WARN_UNDECLARED_SELECTOR = YES;
				GCC_WARN_UNINITIALIZED_AUTOS = YES_AGGRESSIVE;
				GCC_WARN_UNUSED_FUNCTION = YES;
				GCC_WARN_UNUSED_VARIABLE = YES;
				IPHONEOS_DEPLOYMENT_TARGET = 14.4;
				MTL_ENABLE_DEBUG_INFO = NO;
				MTL_FAST_MATH = YES;
				SDKROOT = iphoneos;
				SWIFT_COMPILATION_MODE = wholemodule;
				SWIFT_OPTIMIZATION_LEVEL = "-O";
				VALIDATE_PRODUCT = YES;
			};
			name = Release;
		};
		F5B81FA026E74AAA00FFACCC /* Debug */ = {
			isa = XCBuildConfiguration;
			buildSettings = {
				ASSETCATALOG_COMPILER_APPICON_NAME = AppIcon;
				ASSETCATALOG_COMPILER_GLOBAL_ACCENT_COLOR_NAME = AccentColor;
				CODE_SIGN_STYLE = Automatic;
				DEVELOPMENT_ASSET_PATHS = "\"SwiftUITutoInApple/Preview Content\"";
				DEVELOPMENT_TEAM = 8C8Y42HXM4;
				ENABLE_PREVIEWS = YES;
				INFOPLIST_FILE = /Users/midashnt/Documents/StudyRepo/SwiftUI/SwiftUITutoInApple/SwiftUITutoInApple/Resources/Info.plist;
				IPHONEOS_DEPLOYMENT_TARGET = 14.0;
				LD_RUNPATH_SEARCH_PATHS = (
					"$(inherited)",
					"@executable_path/Frameworks",
				);
				PRODUCT_BUNDLE_IDENTIFIER = com.MinhoJo.SwiftUITutoInApple;
				PRODUCT_NAME = "$(TARGET_NAME)";
				SWIFT_VERSION = 5.0;
				TARGETED_DEVICE_FAMILY = "1,2";
			};
			name = Debug;
		};
		F5B81FA126E74AAA00FFACCC /* Release */ = {
			isa = XCBuildConfiguration;
			buildSettings = {
				ASSETCATALOG_COMPILER_APPICON_NAME = AppIcon;
				ASSETCATALOG_COMPILER_GLOBAL_ACCENT_COLOR_NAME = AccentColor;
				CODE_SIGN_STYLE = Automatic;
				DEVELOPMENT_ASSET_PATHS = "\"SwiftUITutoInApple/Preview Content\"";
				DEVELOPMENT_TEAM = 8C8Y42HXM4;
				ENABLE_PREVIEWS = YES;
				INFOPLIST_FILE = /Users/midashnt/Documents/StudyRepo/SwiftUI/SwiftUITutoInApple/SwiftUITutoInApple/Resources/Info.plist;
				IPHONEOS_DEPLOYMENT_TARGET = 14.0;
				LD_RUNPATH_SEARCH_PATHS = (
					"$(inherited)",
					"@executable_path/Frameworks",
				);
				PRODUCT_BUNDLE_IDENTIFIER = com.MinhoJo.SwiftUITutoInApple;
				PRODUCT_NAME = "$(TARGET_NAME)";
				SWIFT_VERSION = 5.0;
				TARGETED_DEVICE_FAMILY = "1,2";
			};
			name = Release;
		};
/* End XCBuildConfiguration section */

/* Begin XCConfigurationList section */
		F5B81F8B26E74AA900FFACCC /* Build configuration list for PBXProject "SwiftUITutoInApple" */ = {
			isa = XCConfigurationList;
			buildConfigurations = (
				F5B81F9D26E74AAA00FFACCC /* Debug */,
				F5B81F9E26E74AAA00FFACCC /* Release */,
			);
			defaultConfigurationIsVisible = 0;
			defaultConfigurationName = Release;
		};
		F5B81F9F26E74AAA00FFACCC /* Build configuration list for PBXNativeTarget "SwiftUITutoInApple" */ = {
			isa = XCConfigurationList;
			buildConfigurations = (
				F5B81FA026E74AAA00FFACCC /* Debug */,
				F5B81FA126E74AAA00FFACCC /* Release */,
			);
			defaultConfigurationIsVisible = 0;
			defaultConfigurationName = Release;
		};
/* End XCConfigurationList section */
	};
	rootObject = F5B81F8826E74AA900FFACCC /* Project object */;
}
